
Microsoft Visual Studio Solution File, Format Version 12.00
# Visual Studio Version 16
VisualStudioVersion = 16.0.30406.217
MinimumVisualStudioVersion = 10.0.40219.1
Project("{FAE04EC0-301F-11D3-BF4B-00C04F79EFBC}") = "AcademiaStuff", "AcademiaStuff.csproj", "{746FC0D4-DAC3-45A2-9BF9-F122A6D210EC}"
EndProject
Global
	GlobalSection(SolutionConfigurationPlatforms) = preSolution
		Debug|Any CPU = Debug|Any CPU
		Release|Any CPU = Release|Any CPU
	EndGlobalSection
	GlobalSection(ProjectConfigurationPlatforms) = postSolution
		{746FC0D4-DAC3-45A2-9BF9-F122A6D210EC}.Debug|Any CPU.ActiveCfg = Debug|Any CPU
		{746FC0D4-DAC3-45A2-9BF9-F122A6D210EC}.Debug|Any CPU.Build.0 = Debug|Any CPU
		{746FC0D4-DAC3-45A2-9BF9-F122A6D210EC}.Release|Any CPU.ActiveCfg = Release|Any CPU
		{746FC0D4-DAC3-45A2-9BF9-F122A6D210EC}.Release|Any CPU.Build.0 = Release|Any CPU
	EndGlobalSection
	GlobalSection(SolutionProperties) = preSolution
		HideSolutionNode = FALSE
	EndGlobalSection
	GlobalSection(ExtensibilityGlobals) = postSolution
		SolutionGuid = {82DA456A-5EB6-49CC-8E2F-91714BDA89EC}
	EndGlobalSection
EndGlobal
